
Microsoft Visual Studio Solution File, Format Version 12.00
# Visual Studio Version 16
VisualStudioVersion = 16.0.31005.135
MinimumVisualStudioVersion = 10.0.40219.1
Project("{2150E333-8FDC-42A3-9474-1A3956D46DE8}") = "Libs", "Libs", "{CC987F15-1B4B-4F63-95F5-E2E554C11986}"
	ProjectSection(SolutionItems) = preProject
		Libs\Microsoft.WindowsAPICodePack.dll = Libs\Microsoft.WindowsAPICodePack.dll
		Libs\Microsoft.WindowsAPICodePack.Shell.dll = Libs\Microsoft.WindowsAPICodePack.Shell.dll
		Libs\Microsoft.WindowsAPICodePack.Shell.XML = Libs\Microsoft.WindowsAPICodePack.Shell.XML
		Libs\Microsoft.WindowsAPICodePack.XML = Libs\Microsoft.WindowsAPICodePack.XML
	EndProjectSection
EndProject
Project("{FAE04EC0-301F-11D3-BF4B-00C04F79EFBC}") = "BassPlayer", "Libs\BassPlayer\BassPlayer.csproj", "{D054F1ED-6A9C-4C4D-B500-7C1AF01F16C9}"
EndProject
Project("{FAE04EC0-301F-11D3-BF4B-00C04F79EFBC}") = "PandoraSharp", "Libs\PandoraSharp\PandoraSharp.csproj", "{64DD2B7D-9069-41FF-A4E4-732F6DF82F09}"
EndProject
Project("{FAE04EC0-301F-11D3-BF4B-00C04F79EFBC}") = "PandoraSharpPlayer", "Libs\PandoraSharpPlayer\PandoraSharpPlayer.csproj", "{D49B479D-3D9A-4F03-A859-9E0C3A615326}"
EndProject
Project("{FAE04EC0-301F-11D3-BF4B-00C04F79EFBC}") = "Util", "Libs\Util\Util.csproj", "{A79647D6-4A05-4382-8B6E-4FEC154C3222}"
EndProject
Project("{2150E333-8FDC-42A3-9474-1A3956D46DE8}") = "Test", "Test", "{E7A90687-1511-4764-AEC7-EE47630FABF6}"
EndProject
Project("{2150E333-8FDC-42A3-9474-1A3956D46DE8}") = "Solution Items", "Solution Items", "{7A6F54FC-8F15-491D-9BE0-15DD50C3E174}"
	ProjectSection(SolutionItems) = preProject
		ChangeLog.txt = ChangeLog.txt
	EndProjectSection
EndProject
Project("{FAE04EC0-301F-11D3-BF4B-00C04F79EFBC}") = "PlayerControlQuery", "Libs\PlayerControlQuery\PlayerControlQuery.csproj", "{E252FF08-F527-4A42-9A69-D28F4AE6052D}"
EndProject
Project("{FAE04EC0-301F-11D3-BF4B-00C04F79EFBC}") = "PandoraSharpScrobbler", "Libs\PandoraSharpScrobbler\PandoraSharpScrobbler.csproj", "{19FB9DF6-5C82-439D-94C7-521E6EAF3FF3}"
EndProject
Project("{FAE04EC0-301F-11D3-BF4B-00C04F79EFBC}") = "Lpfm.LastFmScrobbler", "Libs\LastFmScrobbler\Lpfm.LastFmScrobbler.csproj", "{BA7F7E8A-B089-4323-8C8D-F406E7AFCDBE}"
EndProject
Project("{FAE04EC0-301F-11D3-BF4B-00C04F79EFBC}") = "Kayak", "Libs\kayak\Kayak\Kayak.csproj", "{79DDD0CE-6F79-4212-A972-8618AD6E405F}"
EndProject
Project("{C7167F0D-BC9F-4E6E-AFE1-012C56B48DB5}") = "ElpisSetup", "ElpisSetup\ElpisSetup.wapproj", "{E88F95C5-0FCC-482D-8237-00254E257B58}"
EndProject
Project("{9A19103F-16F7-4668-BE54-9A1E7A4F7556}") = "Elpis", "Elpis\Elpis.csproj", "{EB21A14F-586C-4C18-902E-6070B325E30D}"
	ProjectSection(ProjectDependencies) = postProject
		{E252FF08-F527-4A42-9A69-D28F4AE6052D} = {E252FF08-F527-4A42-9A69-D28F4AE6052D}
		{64DD2B7D-9069-41FF-A4E4-732F6DF82F09} = {64DD2B7D-9069-41FF-A4E4-732F6DF82F09}
		{D49B479D-3D9A-4F03-A859-9E0C3A615326} = {D49B479D-3D9A-4F03-A859-9E0C3A615326}
		{79DDD0CE-6F79-4212-A972-8618AD6E405F} = {79DDD0CE-6F79-4212-A972-8618AD6E405F}
		{A79647D6-4A05-4382-8B6E-4FEC154C3222} = {A79647D6-4A05-4382-8B6E-4FEC154C3222}
		{D054F1ED-6A9C-4C4D-B500-7C1AF01F16C9} = {D054F1ED-6A9C-4C4D-B500-7C1AF01F16C9}
		{19FB9DF6-5C82-439D-94C7-521E6EAF3FF3} = {19FB9DF6-5C82-439D-94C7-521E6EAF3FF3}
	EndProjectSection
EndProject
Project("{FAE04EC0-301F-11D3-BF4B-00C04F79EFBC}") = "ElpisTests", "ElpisTests\ElpisTests.csproj", "{CC982E84-8ECA-433B-95F1-1B2648C45B99}"
EndProject
Global
	GlobalSection(SolutionConfigurationPlatforms) = preSolution
		AppRelease|x64 = AppRelease|x64
		Debug|x64 = Debug|x64
		Release|x64 = Release|x64
	EndGlobalSection
	GlobalSection(ProjectConfigurationPlatforms) = postSolution
		{D054F1ED-6A9C-4C4D-B500-7C1AF01F16C9}.AppRelease|x64.ActiveCfg = AppRelease|x64
		{D054F1ED-6A9C-4C4D-B500-7C1AF01F16C9}.Debug|x64.ActiveCfg = Debug|x64
		{D054F1ED-6A9C-4C4D-B500-7C1AF01F16C9}.Debug|x64.Build.0 = Debug|x64
		{D054F1ED-6A9C-4C4D-B500-7C1AF01F16C9}.Release|x64.ActiveCfg = Release|x64
		{D054F1ED-6A9C-4C4D-B500-7C1AF01F16C9}.AppRelease|x64.Build.0 = AppRelease|x64
		{64DD2B7D-9069-41FF-A4E4-732F6DF82F09}.AppRelease|x64.ActiveCfg = AppRelease|x64
		{64DD2B7D-9069-41FF-A4E4-732F6DF82F09}.Debug|x64.ActiveCfg = Debug|x64
		{64DD2B7D-9069-41FF-A4E4-732F6DF82F09}.Debug|x64.Build.0 = Debug|x64
		{64DD2B7D-9069-41FF-A4E4-732F6DF82F09}.Release|x64.ActiveCfg = Release|x64
		{64DD2B7D-9069-41FF-A4E4-732F6DF82F09}.AppRelease|x64.Build.0 = AppRelease|x64
		{D49B479D-3D9A-4F03-A859-9E0C3A615326}.AppRelease|x64.ActiveCfg = AppRelease|x64
		{D49B479D-3D9A-4F03-A859-9E0C3A615326}.Debug|x64.ActiveCfg = Debug|x64
		{D49B479D-3D9A-4F03-A859-9E0C3A615326}.Debug|x64.Build.0 = Debug|x64
		{D49B479D-3D9A-4F03-A859-9E0C3A615326}.Release|x64.ActiveCfg = Release|x64
		{D49B479D-3D9A-4F03-A859-9E0C3A615326}.AppRelease|x64.Build.0 = AppRelease|x64
		{A79647D6-4A05-4382-8B6E-4FEC154C3222}.AppRelease|x64.ActiveCfg = AppRelease|x64
		{A79647D6-4A05-4382-8B6E-4FEC154C3222}.Debug|x64.ActiveCfg = Debug|x64
		{A79647D6-4A05-4382-8B6E-4FEC154C3222}.Debug|x64.Build.0 = Debug|x64
		{A79647D6-4A05-4382-8B6E-4FEC154C3222}.Release|x64.ActiveCfg = Release|x64
		{A79647D6-4A05-4382-8B6E-4FEC154C3222}.AppRelease|x64.Build.0 = AppRelease|x64
		{E252FF08-F527-4A42-9A69-D28F4AE6052D}.AppRelease|x64.ActiveCfg = AppBeta|x64
		{E252FF08-F527-4A42-9A69-D28F4AE6052D}.Debug|x64.ActiveCfg = Debug|x64
		{E252FF08-F527-4A42-9A69-D28F4AE6052D}.Debug|x64.Build.0 = Debug|x64
		{E252FF08-F527-4A42-9A69-D28F4AE6052D}.Release|x64.ActiveCfg = Release|x64
		{E252FF08-F527-4A42-9A69-D28F4AE6052D}.AppRelease|x64.Build.0 = AppBeta|x64
		{19FB9DF6-5C82-439D-94C7-521E6EAF3FF3}.AppRelease|x64.ActiveCfg = AppBeta|x64
		{19FB9DF6-5C82-439D-94C7-521E6EAF3FF3}.Debug|x64.ActiveCfg = Debug|x64
		{19FB9DF6-5C82-439D-94C7-521E6EAF3FF3}.Debug|x64.Build.0 = Debug|x64
		{19FB9DF6-5C82-439D-94C7-521E6EAF3FF3}.Release|x64.ActiveCfg = Release|x64
		{19FB9DF6-5C82-439D-94C7-521E6EAF3FF3}.AppRelease|x64.Build.0 = AppBeta|x64
		{BA7F7E8A-B089-4323-8C8D-F406E7AFCDBE}.AppRelease|x64.ActiveCfg = Release|x64
		{BA7F7E8A-B089-4323-8C8D-F406E7AFCDBE}.Debug|x64.ActiveCfg = Debug|x64
		{BA7F7E8A-B089-4323-8C8D-F406E7AFCDBE}.Debug|x64.Build.0 = Debug|x64
		{BA7F7E8A-B089-4323-8C8D-F406E7AFCDBE}.Release|x64.ActiveCfg = Release|x64
		{BA7F7E8A-B089-4323-8C8D-F406E7AFCDBE}.AppRelease|x64.Build.0 = Release|x64
		{79DDD0CE-6F79-4212-A972-8618AD6E405F}.AppRelease|x64.ActiveCfg = Release|x64
		{79DDD0CE-6F79-4212-A972-8618AD6E405F}.Debug|x64.ActiveCfg = Debug|x64
		{79DDD0CE-6F79-4212-A972-8618AD6E405F}.Debug|x64.Build.0 = Debug|x64
		{79DDD0CE-6F79-4212-A972-8618AD6E405F}.Release|x64.ActiveCfg = Release|x64
		{79DDD0CE-6F79-4212-A972-8618AD6E405F}.AppRelease|x64.Build.0 = Release|x64
		{E88F95C5-0FCC-482D-8237-00254E257B58}.AppRelease|x64.ActiveCfg = Release|x64
		{E88F95C5-0FCC-482D-8237-00254E257B58}.AppRelease|x64.Build.0 = Release|x64
		{E88F95C5-0FCC-482D-8237-00254E257B58}.AppRelease|x64.Deploy.0 = Release|x64
		{E88F95C5-0FCC-482D-8237-00254E257B58}.Debug|x64.ActiveCfg = Debug|x64
		{E88F95C5-0FCC-482D-8237-00254E257B58}.Release|x64.ActiveCfg = Release|x64
		{E88F95C5-0FCC-482D-8237-00254E257B58}.Release|x64.Build.0 = Release|x64
		{E88F95C5-0FCC-482D-8237-00254E257B58}.Release|x64.Deploy.0 = Release|x64
		{EB21A14F-586C-4C18-902E-6070B325E30D}.AppRelease|x64.ActiveCfg = Release|x64
		{EB21A14F-586C-4C18-902E-6070B325E30D}.Debug|x64.ActiveCfg = Debug|x64
		{EB21A14F-586C-4C18-902E-6070B325E30D}.Debug|x64.Build.0 = Debug|x64
		{EB21A14F-586C-4C18-902E-6070B325E30D}.Release|x64.ActiveCfg = Release|x64
		{EB21A14F-586C-4C18-902E-6070B325E30D}.AppRelease|x64.Build.0 = Release|x64
		{A721B382-9D86-4909-83D0-45FFB1DAAD27}.AppRelease|x64.ActiveCfg = Debug|Any CPU
		{A721B382-9D86-4909-83D0-45FFB1DAAD27}.AppRelease|x64.Build.0 = Debug|Any CPU
		{A721B382-9D86-4909-83D0-45FFB1DAAD27}.Debug|x64.ActiveCfg = Debug|Any CPU
		{A721B382-9D86-4909-83D0-45FFB1DAAD27}.Debug|x64.Build.0 = Debug|Any CPU
		{A721B382-9D86-4909-83D0-45FFB1DAAD27}.Release|x64.ActiveCfg = Release|Any CPU
		{A721B382-9D86-4909-83D0-45FFB1DAAD27}.Release|x64.Build.0 = Release|Any CPU
		{FD00FABF-C819-410B-B5A6-194667A7E59D}.AppRelease|x64.ActiveCfg = Debug|Any CPU
		{FD00FABF-C819-410B-B5A6-194667A7E59D}.AppRelease|x64.Build.0 = Debug|Any CPU
		{FD00FABF-C819-410B-B5A6-194667A7E59D}.Debug|x64.ActiveCfg = Debug|Any CPU
		{FD00FABF-C819-410B-B5A6-194667A7E59D}.Debug|x64.Build.0 = Debug|Any CPU
		{FD00FABF-C819-410B-B5A6-194667A7E59D}.Release|x64.ActiveCfg = Release|Any CPU
		{FD00FABF-C819-410B-B5A6-194667A7E59D}.Release|x64.Build.0 = Release|Any CPU
		{CC982E84-8ECA-433B-95F1-1B2648C45B99}.AppRelease|x64.ActiveCfg = Debug|Any CPU
		{CC982E84-8ECA-433B-95F1-1B2648C45B99}.AppRelease|x64.Build.0 = Debug|Any CPU
		{CC982E84-8ECA-433B-95F1-1B2648C45B99}.Debug|x64.ActiveCfg = Debug|Any CPU
		{CC982E84-8ECA-433B-95F1-1B2648C45B99}.Debug|x64.Build.0 = Debug|Any CPU
		{CC982E84-8ECA-433B-95F1-1B2648C45B99}.Release|x64.ActiveCfg = Release|Any CPU
		{CC982E84-8ECA-433B-95F1-1B2648C45B99}.Release|x64.Build.0 = Release|Any CPU
	EndGlobalSection
	GlobalSection(SolutionProperties) = preSolution
		HideSolutionNode = FALSE
	EndGlobalSection
	GlobalSection(NestedProjects) = preSolution
		{D054F1ED-6A9C-4C4D-B500-7C1AF01F16C9} = {CC987F15-1B4B-4F63-95F5-E2E554C11986}
		{64DD2B7D-9069-41FF-A4E4-732F6DF82F09} = {CC987F15-1B4B-4F63-95F5-E2E554C11986}
		{D49B479D-3D9A-4F03-A859-9E0C3A615326} = {CC987F15-1B4B-4F63-95F5-E2E554C11986}
		{A79647D6-4A05-4382-8B6E-4FEC154C3222} = {CC987F15-1B4B-4F63-95F5-E2E554C11986}
		{E252FF08-F527-4A42-9A69-D28F4AE6052D} = {CC987F15-1B4B-4F63-95F5-E2E554C11986}
		{19FB9DF6-5C82-439D-94C7-521E6EAF3FF3} = {CC987F15-1B4B-4F63-95F5-E2E554C11986}
		{BA7F7E8A-B089-4323-8C8D-F406E7AFCDBE} = {CC987F15-1B4B-4F63-95F5-E2E554C11986}
		{79DDD0CE-6F79-4212-A972-8618AD6E405F} = {CC987F15-1B4B-4F63-95F5-E2E554C11986}
		{A721B382-9D86-4909-83D0-45FFB1DAAD27} = {CC987F15-1B4B-4F63-95F5-E2E554C11986}
		{FD00FABF-C819-410B-B5A6-194667A7E59D} = {CC987F15-1B4B-4F63-95F5-E2E554C11986}
		{CC982E84-8ECA-433B-95F1-1B2648C45B99} = {E7A90687-1511-4764-AEC7-EE47630FABF6}
	EndGlobalSection
	GlobalSection(ExtensibilityGlobals) = postSolution
		SolutionGuid = {C09CDB8C-D9EE-451A-B125-DD961CF7A82F}
	EndGlobalSection
EndGlobal
